
Microsoft Visual Studio Solution File, Format Version 12.00
# Visual Studio 15
VisualStudioVersion = 15.0.28010.2019
MinimumVisualStudioVersion = 10.0.40219.1
Project("{FAE04EC0-301F-11D3-BF4B-00C04F79EFBC}") = "BusinessLogicTest", "BusinessLogicTest\BusinessLogicTest.csproj", "{B2E2516C-4870-4067-8A5D-E73A88F8717D}"
EndProject
Project("{FAE04EC0-301F-11D3-BF4B-00C04F79EFBC}") = "BusinessLogic", "BusinessLogic\BusinessLogic.csproj", "{93920AFC-9509-4BDA-9F23-E85A7A0CBADF}"
EndProject
Project("{FAE04EC0-301F-11D3-BF4B-00C04F79EFBC}") = "BusinessLogicExceptions", "BusinessLogicExceptions\BusinessLogicExceptions.csproj", "{8801E585-1262-441C-A559-15475FB8CF6E}"
EndProject
Project("{FAE04EC0-301F-11D3-BF4B-00C04F79EFBC}") = "GenericRepositoryInterface", "RepositoryInterface\GenericRepositoryInterface.csproj", "{636B5156-D57E-4D33-B0F9-272AB0C13FFD}"
EndProject
Project("{9A19103F-16F7-4668-BE54-9A1E7A4F7556}") = "DataAccess", "DataAccess\DataAccess.csproj", "{180E086A-8F72-4E31-8CC5-4397D6E06FE3}"
EndProject
Project("{9A19103F-16F7-4668-BE54-9A1E7A4F7556}") = "DataRepositoryInterfaces", "DataRepositoryInterfaces\DataRepositoryInterfaces.csproj", "{2FDBC0BE-2796-4CBB-BCCA-6036A0480054}"
EndProject
Project("{FAE04EC0-301F-11D3-BF4B-00C04F79EFBC}") = "DataRepositories", "DataRepositories\DataRepositories.csproj", "{03EF8BBA-5E3D-4C78-B730-EBCC6B6E9D3D}"
EndProject
Project("{FAE04EC0-301F-11D3-BF4B-00C04F79EFBC}") = "DataRepositoriesTest", "DataRepositoriesTest\DataRepositoriesTest.csproj", "{14A67DE5-1E18-4573-9109-E762CF3575BD}"
EndProject
Global
	GlobalSection(SolutionConfigurationPlatforms) = preSolution
		Debug|Any CPU = Debug|Any CPU
		Release|Any CPU = Release|Any CPU
	EndGlobalSection
	GlobalSection(ProjectConfigurationPlatforms) = postSolution
		{B2E2516C-4870-4067-8A5D-E73A88F8717D}.Debug|Any CPU.ActiveCfg = Debug|Any CPU
		{B2E2516C-4870-4067-8A5D-E73A88F8717D}.Debug|Any CPU.Build.0 = Debug|Any CPU
		{B2E2516C-4870-4067-8A5D-E73A88F8717D}.Release|Any CPU.ActiveCfg = Release|Any CPU
		{B2E2516C-4870-4067-8A5D-E73A88F8717D}.Release|Any CPU.Build.0 = Release|Any CPU
		{93920AFC-9509-4BDA-9F23-E85A7A0CBADF}.Debug|Any CPU.ActiveCfg = Debug|Any CPU
		{93920AFC-9509-4BDA-9F23-E85A7A0CBADF}.Debug|Any CPU.Build.0 = Debug|Any CPU
		{93920AFC-9509-4BDA-9F23-E85A7A0CBADF}.Release|Any CPU.ActiveCfg = Release|Any CPU
		{93920AFC-9509-4BDA-9F23-E85A7A0CBADF}.Release|Any CPU.Build.0 = Release|Any CPU
		{8801E585-1262-441C-A559-15475FB8CF6E}.Debug|Any CPU.ActiveCfg = Debug|Any CPU
		{8801E585-1262-441C-A559-15475FB8CF6E}.Debug|Any CPU.Build.0 = Debug|Any CPU
		{8801E585-1262-441C-A559-15475FB8CF6E}.Release|Any CPU.ActiveCfg = Release|Any CPU
		{8801E585-1262-441C-A559-15475FB8CF6E}.Release|Any CPU.Build.0 = Release|Any CPU
		{636B5156-D57E-4D33-B0F9-272AB0C13FFD}.Debug|Any CPU.ActiveCfg = Debug|Any CPU
		{636B5156-D57E-4D33-B0F9-272AB0C13FFD}.Debug|Any CPU.Build.0 = Debug|Any CPU
		{636B5156-D57E-4D33-B0F9-272AB0C13FFD}.Release|Any CPU.ActiveCfg = Release|Any CPU
		{636B5156-D57E-4D33-B0F9-272AB0C13FFD}.Release|Any CPU.Build.0 = Release|Any CPU
		{180E086A-8F72-4E31-8CC5-4397D6E06FE3}.Debug|Any CPU.ActiveCfg = Debug|Any CPU
		{180E086A-8F72-4E31-8CC5-4397D6E06FE3}.Debug|Any CPU.Build.0 = Debug|Any CPU
		{180E086A-8F72-4E31-8CC5-4397D6E06FE3}.Release|Any CPU.ActiveCfg = Release|Any CPU
		{180E086A-8F72-4E31-8CC5-4397D6E06FE3}.Release|Any CPU.Build.0 = Release|Any CPU
		{2FDBC0BE-2796-4CBB-BCCA-6036A0480054}.Debug|Any CPU.ActiveCfg = Debug|Any CPU
		{2FDBC0BE-2796-4CBB-BCCA-6036A0480054}.Debug|Any CPU.Build.0 = Debug|Any CPU
		{2FDBC0BE-2796-4CBB-BCCA-6036A0480054}.Release|Any CPU.ActiveCfg = Release|Any CPU
		{2FDBC0BE-2796-4CBB-BCCA-6036A0480054}.Release|Any CPU.Build.0 = Release|Any CPU
		{03EF8BBA-5E3D-4C78-B730-EBCC6B6E9D3D}.Debug|Any CPU.ActiveCfg = Debug|Any CPU
		{03EF8BBA-5E3D-4C78-B730-EBCC6B6E9D3D}.Debug|Any CPU.Build.0 = Debug|Any CPU
		{03EF8BBA-5E3D-4C78-B730-EBCC6B6E9D3D}.Release|Any CPU.ActiveCfg = Release|Any CPU
		{03EF8BBA-5E3D-4C78-B730-EBCC6B6E9D3D}.Release|Any CPU.Build.0 = Release|Any CPU
		{14A67DE5-1E18-4573-9109-E762CF3575BD}.Debug|Any CPU.ActiveCfg = Debug|Any CPU
		{14A67DE5-1E18-4573-9109-E762CF3575BD}.Debug|Any CPU.Build.0 = Debug|Any CPU
		{14A67DE5-1E18-4573-9109-E762CF3575BD}.Release|Any CPU.ActiveCfg = Release|Any CPU
		{14A67DE5-1E18-4573-9109-E762CF3575BD}.Release|Any CPU.Build.0 = Release|Any CPU
	EndGlobalSection
	GlobalSection(SolutionProperties) = preSolution
		HideSolutionNode = FALSE
	EndGlobalSection
	GlobalSection(ExtensibilityGlobals) = postSolution
		SolutionGuid = {7C3E2F8D-343B-4714-B582-73103EE35130}
	EndGlobalSection
EndGlobal
